
Microsoft Visual Studio Solution File, Format Version 11.00
# Visual Studio 2010
Project("{FAE04EC0-301F-11D3-BF4B-00C04F79EFBC}") = "LibraryManagement", "LibraryManagement\LibraryManagement.csproj", "{1AA99379-1107-4CEE-9952-5F7ABF0F2129}"
EndProject
Project("{FAE04EC0-301F-11D3-BF4B-00C04F79EFBC}") = "LibraryManagement.BusinessObjects", "LibraryManagement.BusinessObjects\LibraryManagement.BusinessObjects.csproj", "{DE4C138B-A261-4569-8239-BA037C4A96FB}"
EndProject
Global
	GlobalSection(SolutionConfigurationPlatforms) = preSolution
		Debug|Any CPU = Debug|Any CPU
		Release|Any CPU = Release|Any CPU
	EndGlobalSection
	GlobalSection(ProjectConfigurationPlatforms) = postSolution
		{1AA99379-1107-4CEE-9952-5F7ABF0F2129}.Debug|Any CPU.ActiveCfg = Debug|Any CPU
		{1AA99379-1107-4CEE-9952-5F7ABF0F2129}.Debug|Any CPU.Build.0 = Debug|Any CPU
		{1AA99379-1107-4CEE-9952-5F7ABF0F2129}.Release|Any CPU.ActiveCfg = Release|Any CPU
		{1AA99379-1107-4CEE-9952-5F7ABF0F2129}.Release|Any CPU.Build.0 = Release|Any CPU
		{DE4C138B-A261-4569-8239-BA037C4A96FB}.Debug|Any CPU.ActiveCfg = Debug|Any CPU
		{DE4C138B-A261-4569-8239-BA037C4A96FB}.Debug|Any CPU.Build.0 = Debug|Any CPU
		{DE4C138B-A261-4569-8239-BA037C4A96FB}.Release|Any CPU.ActiveCfg = Release|Any CPU
		{DE4C138B-A261-4569-8239-BA037C4A96FB}.Release|Any CPU.Build.0 = Release|Any CPU
	EndGlobalSection
	GlobalSection(SolutionProperties) = preSolution
		HideSolutionNode = FALSE
	EndGlobalSection
EndGlobal
