
Microsoft Visual Studio Solution File, Format Version 10.00
# Visual Studio 2008
Project("{D183A3D8-5FD8-494B-B014-37F57B35E655}") = "Integration Services Project1", "Integration Services Project1.dtproj", "{A089BFDA-4374-48F2-ADF9-F577AB5B9DDB}"
EndProject
Global
	GlobalSection(SolutionConfigurationPlatforms) = preSolution
		Development|Default = Development|Default
	EndGlobalSection
	GlobalSection(ProjectConfigurationPlatforms) = postSolution
		{A089BFDA-4374-48F2-ADF9-F577AB5B9DDB}.Development|Default.ActiveCfg = Development
		{A089BFDA-4374-48F2-ADF9-F577AB5B9DDB}.Development|Default.Build.0 = Development
	EndGlobalSection
	GlobalSection(SolutionProperties) = preSolution
		HideSolutionNode = FALSE
	EndGlobalSection
EndGlobal
